{
  "version": 4,
  "terraform_version": "1.5.7",
  "serial": 6,
  "lineage": "f493bffc-ac57-6511-1b01-cc45e25d5f1d",
  "outputs": {
    "oauth2_client_id": {
      "value": "9ad64829-a56c-4885-bc6f-e435abfa0b9e",
      "type": "string"
    },
    "oauth2_client_secret": {
      "value": "TgwsDBVggl",
      "type": "string",
      "sensitive": true
    },
    "oauth2_registration_access_token": {
      "value": "cOm6gZ2oBhyMLuuTEpmjVaavYYIhgG6ebwfAYBqwJ1Y.0WVbnoQ-WM73QyDqfEXdOZBpoB84tATYK1mfOqeb832YBtMYZ2ULusp3HT54HrQ5l0fyRmlcJjBOtYzw9N93lA.M18xNzQ0MjMxMjMxXzE1",
      "type": "string",
      "sensitive": true
    },
    "oauth2_registration_client_uri": {
      "value": "https://himanshu-sao-da.ite3.idng.ibmcloudsecurity.com/oauth2/register/9ad64829-a56c-4885-bc6f-e435abfa0b9e",
      "type": "string"
    }
  },
  "resources": [
    {
      "mode": "managed",
      "type": "ibmverify_oauth2_client",
      "name": "verify_oidc_client",
      "provider": "provider[\"registry.terraform.io/local/ibmverify\"]",
      "instances": [
        {
          "schema_version": 0,
          "attributes": {
            "access_policy": "default",
            "all_users_entitled": true,
            "authorization_encrypted_response_alg": "none",
            "authorization_encrypted_response_enc": "none",
            "authorization_signed_response_alg": "RS256",
            "client_id": "9ad64829-a56c-4885-bc6f-e435abfa0b9e",
            "client_id_issued_at": "2025-04-09T20:40:31Z",
            "client_name": "Sorceress Supreme",
            "client_secret": "TgwsDBVggl",
            "client_secret_expires_at": 0,
            "consent_action": "always_prompt",
            "enforce_pkce": true,
            "grant_types": [
              "authorization_code",
              "refresh_token"
            ],
            "id": "9ad64829-a56c-4885-bc6f-e435abfa0b9e",
            "id_token_map": null,
            "id_token_signed_response_alg": "RS256",
            "initiate_login_uri": "https://himanshu-sao-da.ite3.idng.ibmcloudsecurity.com",
            "redirect_uris": [
              "https://cleanly-renewed-iguana.ngrok-free.app/callback"
            ],
            "registration_access_token": "cOm6gZ2oBhyMLuuTEpmjVaavYYIhgG6ebwfAYBqwJ1Y.0WVbnoQ-WM73QyDqfEXdOZBpoB84tATYK1mfOqeb832YBtMYZ2ULusp3HT54HrQ5l0fyRmlcJjBOtYzw9N93lA.M18xNzQ0MjMxMjMxXzE1",
            "registration_client_uri": "https://himanshu-sao-da.ite3.idng.ibmcloudsecurity.com/oauth2/register/9ad64829-a56c-4885-bc6f-e435abfa0b9e",
            "request_object_check_expiry": true,
            "request_object_lifetime": 1800,
            "request_object_parameters_only": false,
            "request_object_signing_alg": "RS256",
            "require_pushed_authorization_requests": false,
            "response_types": [
              "none",
              "code"
            ],
            "restrict_api_entitlements": false,
            "token_endpoint_auth_method": "default",
            "token_endpoint_auth_single_use_jti": false,
            "token_map": null
          },
          "sensitive_attributes": [],
          "private": "bnVsbA=="
        }
      ]
    }
  ],
  "check_results": null
}
